
Microsoft Visual Studio Solution File, Format Version 12.00
# Visual Studio Version 16
VisualStudioVersion = 16.0.30804.86
MinimumVisualStudioVersion = 10.0.40219.1
Project("{888888A0-9F3D-457C-B088-3A5042F75D52}") = "LongabergerDjango", "LongabergerDjango.pyproj", "{C546554D-99DF-47DB-A12C-A8E71775C970}"
EndProject
Global
	GlobalSection(SolutionConfigurationPlatforms) = preSolution
		Debug|Any CPU = Debug|Any CPU
		Release|Any CPU = Release|Any CPU
	EndGlobalSection
	GlobalSection(ProjectConfigurationPlatforms) = postSolution
		{C546554D-99DF-47DB-A12C-A8E71775C970}.Debug|Any CPU.ActiveCfg = Debug|Any CPU
		{C546554D-99DF-47DB-A12C-A8E71775C970}.Debug|Any CPU.Build.0 = Debug|Any CPU
		{C546554D-99DF-47DB-A12C-A8E71775C970}.Release|Any CPU.ActiveCfg = Release|Any CPU
		{C546554D-99DF-47DB-A12C-A8E71775C970}.Release|Any CPU.Build.0 = Release|Any CPU
	EndGlobalSection
	GlobalSection(SolutionProperties) = preSolution
		HideSolutionNode = FALSE
	EndGlobalSection
	GlobalSection(ExtensibilityGlobals) = postSolution
		SolutionGuid = {F59FAF8C-FBD1-42A0-8D13-823D4EFBD944}
	EndGlobalSection
EndGlobal
